
Microsoft Visual Studio Solution File, Format Version 12.00
# Visual Studio Version 16
VisualStudioVersion = 16.0.31205.134
MinimumVisualStudioVersion = 10.0.40219.1
Project("{F184B08F-C81C-45F6-A57F-5ABD9991F28F}") = "MessageBox_VB", "MessageBox_VB\MessageBox_VB.vbproj", "{0FC0BABD-8161-4864-BB06-E73E018FC9E2}"
EndProject
Global
	GlobalSection(SolutionConfigurationPlatforms) = preSolution
		Debug|Any CPU = Debug|Any CPU
		Release|Any CPU = Release|Any CPU
	EndGlobalSection
	GlobalSection(ProjectConfigurationPlatforms) = postSolution
		{0FC0BABD-8161-4864-BB06-E73E018FC9E2}.Debug|Any CPU.ActiveCfg = Debug|Any CPU
		{0FC0BABD-8161-4864-BB06-E73E018FC9E2}.Debug|Any CPU.Build.0 = Debug|Any CPU
		{0FC0BABD-8161-4864-BB06-E73E018FC9E2}.Release|Any CPU.ActiveCfg = Release|Any CPU
		{0FC0BABD-8161-4864-BB06-E73E018FC9E2}.Release|Any CPU.Build.0 = Release|Any CPU
	EndGlobalSection
	GlobalSection(SolutionProperties) = preSolution
		HideSolutionNode = FALSE
	EndGlobalSection
	GlobalSection(ExtensibilityGlobals) = postSolution
		SolutionGuid = {68261C7D-85CB-4DDE-8E48-DF9492E76D1D}
	EndGlobalSection
EndGlobal
